
Microsoft Visual Studio Solution File, Format Version 12.00
# Visual Studio Version 17
VisualStudioVersion = 17.0.31903.59
MinimumVisualStudioVersion = 10.0.40219.1
Project("{FAE04EC0-301F-11D3-BF4B-00C04F79EFBC}") = "API", "API\API.csproj", "{3DB29B59-CA4C-49BF-B217-4E1D58528780}"
EndProject
Project("{FAE04EC0-301F-11D3-BF4B-00C04F79EFBC}") = "Core", "Core\Core.csproj", "{278959C0-68A7-4744-A1E5-F1D52C51A62A}"
EndProject
Project("{FAE04EC0-301F-11D3-BF4B-00C04F79EFBC}") = "Infrastructure", "Infrastructure\Infrastructure.csproj", "{BCE9388E-EFC4-488A-9ED4-DE9E2AEC09E5}"
EndProject
Global
	GlobalSection(SolutionConfigurationPlatforms) = preSolution
		Debug|Any CPU = Debug|Any CPU
		Release|Any CPU = Release|Any CPU
	EndGlobalSection
	GlobalSection(SolutionProperties) = preSolution
		HideSolutionNode = FALSE
	EndGlobalSection
	GlobalSection(ProjectConfigurationPlatforms) = postSolution
		{3DB29B59-CA4C-49BF-B217-4E1D58528780}.Debug|Any CPU.ActiveCfg = Debug|Any CPU
		{3DB29B59-CA4C-49BF-B217-4E1D58528780}.Debug|Any CPU.Build.0 = Debug|Any CPU
		{3DB29B59-CA4C-49BF-B217-4E1D58528780}.Release|Any CPU.ActiveCfg = Release|Any CPU
		{3DB29B59-CA4C-49BF-B217-4E1D58528780}.Release|Any CPU.Build.0 = Release|Any CPU
		{278959C0-68A7-4744-A1E5-F1D52C51A62A}.Debug|Any CPU.ActiveCfg = Debug|Any CPU
		{278959C0-68A7-4744-A1E5-F1D52C51A62A}.Debug|Any CPU.Build.0 = Debug|Any CPU
		{278959C0-68A7-4744-A1E5-F1D52C51A62A}.Release|Any CPU.ActiveCfg = Release|Any CPU
		{278959C0-68A7-4744-A1E5-F1D52C51A62A}.Release|Any CPU.Build.0 = Release|Any CPU
		{BCE9388E-EFC4-488A-9ED4-DE9E2AEC09E5}.Debug|Any CPU.ActiveCfg = Debug|Any CPU
		{BCE9388E-EFC4-488A-9ED4-DE9E2AEC09E5}.Debug|Any CPU.Build.0 = Debug|Any CPU
		{BCE9388E-EFC4-488A-9ED4-DE9E2AEC09E5}.Release|Any CPU.ActiveCfg = Release|Any CPU
		{BCE9388E-EFC4-488A-9ED4-DE9E2AEC09E5}.Release|Any CPU.Build.0 = Release|Any CPU
	EndGlobalSection
EndGlobal
